# THIS IS AN AUTOGENERATED FILE. DO NOT EDIT THIS FILE DIRECTLY.
# yarn lockfile v1


"@algolia/autocomplete-core@1.5.2":
  version "1.5.2"
  resolved "https://registry.yarnpkg.com/@algolia/autocomplete-core/-/autocomplete-core-1.5.2.tgz#ec0178e07b44fd74a057728ac157291b26cecf37"
  integrity sha512-DY0bhyczFSS1b/CqJlTE/nQRtnTAHl6IemIkBy0nEWnhDzRDdtdx4p5Uuk3vwAFxwEEgi1WqKwgSSMx6DpNL4A==
  dependencies:
    "@algolia/autocomplete-shared" "1.5.2"

"@algolia/autocomplete-preset-algolia@1.5.2":
  version "1.5.2"
  resolved "https://registry.yarnpkg.com/@algolia/autocomplete-preset-algolia/-/autocomplete-preset-algolia-1.5.2.tgz#36c5638cc6dba6ea46a86e5a0314637ca40a77ca"
  integrity sha512-3MRYnYQFJyovANzSX2CToS6/5cfVjbLLqFsZTKcvF3abhQzxbqwwaMBlJtt620uBUOeMzhdfasKhCc40+RHiZw==
  dependencies:
    "@algolia/autocomplete-shared" "1.5.2"

"@algolia/autocomplete-shared@1.5.2":
  version "1.5.2"
  resolved "https://registry.yarnpkg.com/@algolia/autocomplete-shared/-/autocomplete-shared-1.5.2.tgz#e157f9ad624ab8fd940ff28bd2094cdf199cdd79"
  integrity sha512-ylQAYv5H0YKMfHgVWX0j0NmL8XBcAeeeVQUmppnnMtzDbDnca6CzhKj3Q8eF9cHCgcdTDdb5K+3aKyGWA0obug==

"@algolia/cache-browser-local-storage@4.13.0":
  version "4.13.0"
  resolved "https://registry.yarnpkg.com/@algolia/cache-browser-local-storage/-/cache-browser-local-storage-4.13.0.tgz#f8aa4fe31104b19d616ea392f9ed5c2ea847d964"
  integrity sha512-nj1vHRZauTqP/bluwkRIgEADEimqojJgoTRCel5f6q8WCa9Y8QeI4bpDQP28FoeKnDRYa3J5CauDlN466jqRhg==
  dependencies:
    "@algolia/cache-common" "4.13.0"

"@algolia/cache-common@4.13.0":
  version "4.13.0"
  resolved "https://registry.yarnpkg.com/@algolia/cache-common/-/cache-common-4.13.0.tgz#27b83fd3939d08d72261b36a07eeafc4cb4d2113"
  integrity sha512-f9mdZjskCui/dA/fA/5a+6hZ7xnHaaZI5tM/Rw9X8rRB39SUlF/+o3P47onZ33n/AwkpSbi5QOyhs16wHd55kA==

"@algolia/cache-in-memory@4.13.0":
  version "4.13.0"
  resolved "https://registry.yarnpkg.com/@algolia/cache-in-memory/-/cache-in-memory-4.13.0.tgz#10801a74550cbabb64b59ff08c56bce9c278ff2d"
  integrity sha512-hHdc+ahPiMM92CQMljmObE75laYzNFYLrNOu0Q3/eyvubZZRtY2SUsEEgyUEyzXruNdzrkcDxFYa7YpWBJYHAg==
  dependencies:
    "@algolia/cache-common" "4.13.0"

"@algolia/client-account@4.13.0":
  version "4.13.0"
  resolved "https://registry.yarnpkg.com/@algolia/client-account/-/client-account-4.13.0.tgz#f8646dd40d1e9e3353e10abbd5d6c293ea92a8e2"
  integrity sha512-FzFqFt9b0g/LKszBDoEsW+dVBuUe1K3scp2Yf7q6pgHWM1WqyqUlARwVpLxqyc+LoyJkTxQftOKjyFUqddnPKA==
  dependencies:
    "@algolia/client-common" "4.13.0"
    "@algolia/client-search" "4.13.0"
    "@algolia/transporter" "4.13.0"

"@algolia/client-analytics@4.13.0":
  version "4.13.0"
  resolved "https://registry.yarnpkg.com/@algolia/client-analytics/-/client-analytics-4.13.0.tgz#a00bd02df45d71becb9dd4c5c993d805f2e1786d"
  integrity sha512-klmnoq2FIiiMHImkzOm+cGxqRLLu9CMHqFhbgSy9wtXZrqb8BBUIUE2VyBe7azzv1wKcxZV2RUyNOMpFqmnRZA==
  dependencies:
    "@algolia/client-common" "4.13.0"
    "@algolia/client-search" "4.13.0"
    "@algolia/requester-common" "4.13.0"
    "@algolia/transporter" "4.13.0"

"@algolia/client-common@4.13.0":
  version "4.13.0"
  resolved "https://registry.yarnpkg.com/@algolia/client-common/-/client-common-4.13.0.tgz#8bc373d164dbdcce38b4586912bbe162492bcb86"
  integrity sha512-GoXfTp0kVcbgfSXOjfrxx+slSipMqGO9WnNWgeMmru5Ra09MDjrcdunsiiuzF0wua6INbIpBQFTC2Mi5lUNqGA==
  dependencies:
    "@algolia/requester-common" "4.13.0"
    "@algolia/transporter" "4.13.0"

"@algolia/client-personalization@4.13.0":
  version "4.13.0"
  resolved "https://registry.yarnpkg.com/@algolia/client-personalization/-/client-personalization-4.13.0.tgz#10fb7af356422551f11a67222b39c52306f1512c"
  integrity sha512-KneLz2WaehJmNfdr5yt2HQETpLaCYagRdWwIwkTqRVFCv4DxRQ2ChPVW9jeTj4YfAAhfzE6F8hn7wkQ/Jfj6ZA==
  dependencies:
    "@algolia/client-common" "4.13.0"
    "@algolia/requester-common" "4.13.0"
    "@algolia/transporter" "4.13.0"

"@algolia/client-search@4.13.0":
  version "4.13.0"
  resolved "https://registry.yarnpkg.com/@algolia/client-search/-/client-search-4.13.0.tgz#2d8ff8e755c4a37ec89968f3f9b358eed005c7f0"
  integrity sha512-blgCKYbZh1NgJWzeGf+caKE32mo3j54NprOf0LZVCubQb3Kx37tk1Hc8SDs9bCAE8hUvf3cazMPIg7wscSxspA==
  dependencies:
    "@algolia/client-common" "4.13.0"
    "@algolia/requester-common" "4.13.0"
    "@algolia/transporter" "4.13.0"

"@algolia/logger-common@4.13.0":
  version "4.13.0"
  resolved "https://registry.yarnpkg.com/@algolia/logger-common/-/logger-common-4.13.0.tgz#be2606e71aae618a1ff1ea9a1b5f5a74284b35a8"
  integrity sha512-8yqXk7rMtmQJ9wZiHOt/6d4/JDEg5VCk83gJ39I+X/pwUPzIsbKy9QiK4uJ3aJELKyoIiDT1hpYVt+5ia+94IA==

"@algolia/logger-console@4.13.0":
  version "4.13.0"
  resolved "https://registry.yarnpkg.com/@algolia/logger-console/-/logger-console-4.13.0.tgz#f28028a760e3d9191e28a10b12925e48f6c9afde"
  integrity sha512-YepRg7w2/87L0vSXRfMND6VJ5d6699sFJBRWzZPOlek2p5fLxxK7O0VncYuc/IbVHEgeApvgXx0WgCEa38GVuQ==
  dependencies:
    "@algolia/logger-common" "4.13.0"

"@algolia/requester-browser-xhr@4.13.0":
  version "4.13.0"
  resolved "https://registry.yarnpkg.com/@algolia/requester-browser-xhr/-/requester-browser-xhr-4.13.0.tgz#e2483f4e8d7f09e27cd0daf6c77711d15c5a919f"
  integrity sha512-Dj+bnoWR5MotrnjblzGKZ2kCdQi2cK/VzPURPnE616NU/il7Ypy6U6DLGZ/ZYz+tnwPa0yypNf21uqt84fOgrg==
  dependencies:
    "@algolia/requester-common" "4.13.0"

"@algolia/requester-common@4.13.0":
  version "4.13.0"
  resolved "https://registry.yarnpkg.com/@algolia/requester-common/-/requester-common-4.13.0.tgz#47fb3464cfb26b55ba43676d13f295d812830596"
  integrity sha512-BRTDj53ecK+gn7ugukDWOOcBRul59C4NblCHqj4Zm5msd5UnHFjd/sGX+RLOEoFMhetILAnmg6wMrRrQVac9vw==

"@algolia/requester-node-http@4.13.0":
  version "4.13.0"
  resolved "https://registry.yarnpkg.com/@algolia/requester-node-http/-/requester-node-http-4.13.0.tgz#7d981bbd31492f51dd11820a665f9d8906793c37"
  integrity sha512-9b+3O4QFU4azLhGMrZAr/uZPydvzOR4aEZfSL8ZrpLZ7fbbqTO0S/5EVko+QIgglRAtVwxvf8UJ1wzTD2jvKxQ==
  dependencies:
    "@algolia/requester-common" "4.13.0"

"@algolia/transporter@4.13.0":
  version "4.13.0"
  resolved "https://registry.yarnpkg.com/@algolia/transporter/-/transporter-4.13.0.tgz#f6379e5329efa2127da68c914d1141f5f21dbd07"
  integrity sha512-8tSQYE+ykQENAdeZdofvtkOr5uJ9VcQSWgRhQ9h01AehtBIPAczk/b2CLrMsw5yQZziLs5cZ3pJ3478yI+urhA==
  dependencies:
    "@algolia/cache-common" "4.13.0"
    "@algolia/logger-common" "4.13.0"
    "@algolia/requester-common" "4.13.0"

"@babel/parser@^7.16.4":
  version "7.17.9"
  resolved "https://registry.yarnpkg.com/@babel/parser/-/parser-7.17.9.tgz#9c94189a6062f0291418ca021077983058e171ef"
  integrity sha512-vqUSBLP8dQHFPdPi9bc5GK9vRkYHJ49fsZdtoJ8EQ8ibpwk5rPKfvNIwChB0KVXcIjcepEBBd2VHC5r9Gy8ueg==

"@docsearch/css@3.0.0", "@docsearch/css@^3.0.0-alpha.41":
  version "3.0.0"
  resolved "https://registry.yarnpkg.com/@docsearch/css/-/css-3.0.0.tgz#fe57b474802ffd706d3246eab25d52fac8aa3698"
  integrity sha512-1kkV7tkAsiuEd0shunYRByKJe3xQDG2q7wYg24SOw1nV9/2lwEd4WrUYRJC/ukGTl2/kHeFxsaUvtiOy0y6fFA==

"@docsearch/js@^3.0.0-alpha.41":
  version "3.0.0"
  resolved "https://registry.yarnpkg.com/@docsearch/js/-/js-3.0.0.tgz#394a99f68895503d57faf523ecec0b25b02f638c"
  integrity sha512-j3tUJWlgW3slYqzGB8fm7y05kh2qqrIK1dZOXHeMUm/5gdKE85fiz/ltfCPMDFb/MXF+bLZChJXSMzqY0Ck30Q==
  dependencies:
    "@docsearch/react" "3.0.0"
    preact "^10.0.0"

"@docsearch/react@3.0.0":
  version "3.0.0"
  resolved "https://registry.yarnpkg.com/@docsearch/react/-/react-3.0.0.tgz#d02ebdc67573412185a6a4df13bc254c7c0da491"
  integrity sha512-yhMacqS6TVQYoBh/o603zszIb5Bl8MIXuOc6Vy617I74pirisDzzcNh0NEaYQt50fVVR3khUbeEhUEWEWipESg==
  dependencies:
    "@algolia/autocomplete-core" "1.5.2"
    "@algolia/autocomplete-preset-algolia" "1.5.2"
    "@docsearch/css" "3.0.0"
    algoliasearch "^4.0.0"

"@types/body-parser@*":
  version "1.19.2"
  resolved "https://registry.yarnpkg.com/@types/body-parser/-/body-parser-1.19.2.tgz#aea2059e28b7658639081347ac4fab3de166e6f0"
  integrity sha512-ALYone6pm6QmwZoAgeyNksccT9Q4AWZQ6PvfwR37GT6r6FWUPguq6sUmNGSMV2Wr761oQoBxwGGa6DR5o1DC9g==
  dependencies:
    "@types/connect" "*"
    "@types/node" "*"

"@types/connect-history-api-fallback@*":
  version "1.3.5"
  resolved "https://registry.yarnpkg.com/@types/connect-history-api-fallback/-/connect-history-api-fallback-1.3.5.tgz#d1f7a8a09d0ed5a57aee5ae9c18ab9b803205dae"
  integrity sha512-h8QJa8xSb1WD4fpKBDcATDNGXghFj6/3GRWG6dhmRcu0RX1Ubasur2Uvx5aeEwlf0MwblEC2bMzzMQntxnw/Cw==
  dependencies:
    "@types/express-serve-static-core" "*"
    "@types/node" "*"

"@types/connect@*":
  version "3.4.35"
  resolved "https://registry.yarnpkg.com/@types/connect/-/connect-3.4.35.tgz#5fcf6ae445e4021d1fc2219a4873cc73a3bb2ad1"
  integrity sha512-cdeYyv4KWoEgpBISTxWvqYsVy444DOqehiF3fM3ne10AmJ62RSyNkUnxMJXHQWRQQX2eR94m5y1IZyDwBjV9FQ==
  dependencies:
    "@types/node" "*"

"@types/express-serve-static-core@*", "@types/express-serve-static-core@^4.17.18":
  version "4.17.28"
  resolved "https://registry.yarnpkg.com/@types/express-serve-static-core/-/express-serve-static-core-4.17.28.tgz#c47def9f34ec81dc6328d0b1b5303d1ec98d86b8"
  integrity sha512-P1BJAEAW3E2DJUlkgq4tOL3RyMunoWXqbSCygWo5ZIWTjUgN1YnaXWW4VWl/oc8vs/XoYibEGBKP0uZyF4AHig==
  dependencies:
    "@types/node" "*"
    "@types/qs" "*"
    "@types/range-parser" "*"

"@types/express@*":
  version "4.17.13"
  resolved "https://registry.yarnpkg.com/@types/express/-/express-4.17.13.tgz#a76e2995728999bab51a33fabce1d705a3709034"
  integrity sha512-6bSZTPaTIACxn48l50SR+axgrqm6qXFIxrdAKaG6PaJk3+zuUr35hBlgT7vOmJcum+OEaIBLtHV/qloEAFITeA==
  dependencies:
    "@types/body-parser" "*"
    "@types/express-serve-static-core" "^4.17.18"
    "@types/qs" "*"
    "@types/serve-static" "*"

"@types/highlight.js@^9.7.0":
  version "9.12.4"
  resolved "https://registry.yarnpkg.com/@types/highlight.js/-/highlight.js-9.12.4.tgz#8c3496bd1b50cc04aeefd691140aa571d4dbfa34"
  integrity sha512-t2szdkwmg2JJyuCM20e8kR2X59WCE5Zkl4bzm1u1Oukjm79zpbiAv+QjnwLnuuV0WHEcX2NgUItu0pAMKuOPww==

"@types/http-proxy@^1.17.5":
  version "1.17.8"
  resolved "https://registry.yarnpkg.com/@types/http-proxy/-/http-proxy-1.17.8.tgz#968c66903e7e42b483608030ee85800f22d03f55"
  integrity sha512-5kPLG5BKpWYkw/LVOGWpiq3nEVqxiN32rTgI53Sk12/xHFQ2rG3ehI9IO+O3W2QoKeyB92dJkoka8SUm6BX1pA==
  dependencies:
    "@types/node" "*"

"@types/linkify-it@*":
  version "3.0.2"
  resolved "https://registry.yarnpkg.com/@types/linkify-it/-/linkify-it-3.0.2.tgz#fd2cd2edbaa7eaac7e7f3c1748b52a19143846c9"
  integrity sha512-HZQYqbiFVWufzCwexrvh694SOim8z2d+xJl5UNamcvQFejLY/2YUtzXHYi3cHdI7PMlS8ejH2slRAOJQ32aNbA==

"@types/markdown-it@^10.0.0":
  version "10.0.3"
  resolved "https://registry.yarnpkg.com/@types/markdown-it/-/markdown-it-10.0.3.tgz#a9800d14b112c17f1de76ec33eff864a4815eec7"
  integrity sha512-daHJk22isOUvNssVGF2zDnnSyxHhFYhtjeX4oQaKD6QzL3ZR1QSgiD1g+Q6/WSWYVogNXYDXODtbgW/WiFCtyw==
  dependencies:
    "@types/highlight.js" "^9.7.0"
    "@types/linkify-it" "*"
    "@types/mdurl" "*"
    highlight.js "^9.7.0"

"@types/mdurl@*":
  version "1.0.2"
  resolved "https://registry.yarnpkg.com/@types/mdurl/-/mdurl-1.0.2.tgz#e2ce9d83a613bacf284c7be7d491945e39e1f8e9"
  integrity sha512-eC4U9MlIcu2q0KQmXszyn5Akca/0jrQmwDRgpAMJai7qBWq4amIQhZyNau4VYGtCeALvW1/NtjzJJ567aZxfKA==

"@types/mime@^1":
  version "1.3.2"
  resolved "https://registry.yarnpkg.com/@types/mime/-/mime-1.3.2.tgz#93e25bf9ee75fe0fd80b594bc4feb0e862111b5a"
  integrity sha512-YATxVxgRqNH6nHEIsvg6k2Boc1JHI9ZbH5iWFFv/MTkchz3b1ieGDa5T0a9RznNdI0KhVbdbWSN+KWWrQZRxTw==

"@types/node@*":
  version "17.0.27"
  resolved "https://registry.yarnpkg.com/@types/node/-/node-17.0.27.tgz#f4df3981ae8268c066e8f49995639f855469081e"
  integrity sha512-4/Ke7bbWOasuT3kceBZFGakP1dYN2XFd8v2l9bqF2LNWrmeU07JLpp56aEeG6+Q3olqO5TvXpW0yaiYnZJ5CXg==

"@types/qs@*":
  version "6.9.7"
  resolved "https://registry.yarnpkg.com/@types/qs/-/qs-6.9.7.tgz#63bb7d067db107cc1e457c303bc25d511febf6cb"
  integrity sha512-FGa1F62FT09qcrueBA6qYTrJPVDzah9a+493+o2PCXsesWHIn27G98TsSMs3WPNbZIEj4+VJf6saSFpvD+3Zsw==

"@types/range-parser@*":
  version "1.2.4"
  resolved "https://registry.yarnpkg.com/@types/range-parser/-/range-parser-1.2.4.tgz#cd667bcfdd025213aafb7ca5915a932590acdcdc"
  integrity sha512-EEhsLsD6UsDM1yFhAvy0Cjr6VwmpMWqFBCb9w07wVugF7w9nfajxLuVmngTIpgS6svCnm6Vaw+MZhoDCKnOfsw==

"@types/serve-static@*":
  version "1.13.10"
  resolved "https://registry.yarnpkg.com/@types/serve-static/-/serve-static-1.13.10.tgz#f5e0ce8797d2d7cc5ebeda48a52c96c4fa47a8d9"
  integrity sha512-nCkHGI4w7ZgAdNkrEu0bv+4xNV/XDqW+DydknebMOQwkpDGx8G+HTlj7R7ABI8i8nKxVw0wtKPi1D+lPOkh4YQ==
  dependencies:
    "@types/mime" "^1"
    "@types/node" "*"

"@types/source-list-map@*":
  version "0.1.2"
  resolved "https://registry.yarnpkg.com/@types/source-list-map/-/source-list-map-0.1.2.tgz#0078836063ffaf17412349bba364087e0ac02ec9"
  integrity sha512-K5K+yml8LTo9bWJI/rECfIPrGgxdpeNbj+d53lwN4QjW1MCwlkhUms+gtdzigTeUyBr09+u8BwOIY3MXvHdcsA==

"@types/tapable@^1":
  version "1.0.8"
  resolved "https://registry.yarnpkg.com/@types/tapable/-/tapable-1.0.8.tgz#b94a4391c85666c7b73299fd3ad79d4faa435310"
  integrity sha512-ipixuVrh2OdNmauvtT51o3d8z12p6LtFW9in7U79der/kwejjdNchQC5UMn5u/KxNoM7VHHOs/l8KS8uHxhODQ==

"@types/uglify-js@*":
  version "3.13.2"
  resolved "https://registry.yarnpkg.com/@types/uglify-js/-/uglify-js-3.13.2.tgz#1044c1713fb81cb1ceef29ad8a9ee1ce08d690ef"
  integrity sha512-/xFrPIo+4zOeNGtVMbf9rUm0N+i4pDf1ynExomqtokIJmVzR3962lJ1UE+MmexMkA0cmN9oTzg5Xcbwge0Ij2Q==
  dependencies:
    source-map "^0.6.1"

"@types/webpack-dev-server@^3":
  version "3.11.6"
  resolved "https://registry.yarnpkg.com/@types/webpack-dev-server/-/webpack-dev-server-3.11.6.tgz#d8888cfd2f0630203e13d3ed7833a4d11b8a34dc"
  integrity sha512-XCph0RiiqFGetukCTC3KVnY1jwLcZ84illFRMbyFzCcWl90B/76ew0tSqF46oBhnLC4obNDG7dMO0JfTN0MgMQ==
  dependencies:
    "@types/connect-history-api-fallback" "*"
    "@types/express" "*"
    "@types/serve-static" "*"
    "@types/webpack" "^4"
    http-proxy-middleware "^1.0.0"

"@types/webpack-sources@*":
  version "3.2.0"
  resolved "https://registry.yarnpkg.com/@types/webpack-sources/-/webpack-sources-3.2.0.tgz#16d759ba096c289034b26553d2df1bf45248d38b"
  integrity sha512-Ft7YH3lEVRQ6ls8k4Ff1oB4jN6oy/XmU6tQISKdhfh+1mR+viZFphS6WL0IrtDOzvefmJg5a0s7ZQoRXwqTEFg==
  dependencies:
    "@types/node" "*"
    "@types/source-list-map" "*"
    source-map "^0.7.3"

"@types/webpack@^4":
  version "4.41.32"
  resolved "https://registry.yarnpkg.com/@types/webpack/-/webpack-4.41.32.tgz#a7bab03b72904070162b2f169415492209e94212"
  integrity sha512-cb+0ioil/7oz5//7tZUSwbrSAN/NWHrQylz5cW8G0dWTcF/g+/dSdMlKVZspBYuMAN1+WnwHrkxiRrLcwd0Heg==
  dependencies:
    "@types/node" "*"
    "@types/tapable" "^1"
    "@types/uglify-js" "*"
    "@types/webpack-sources" "*"
    anymatch "^3.0.0"
    source-map "^0.6.0"

"@vitejs/plugin-vue@^2.2.0":
  version "2.3.1"
  resolved "https://registry.yarnpkg.com/@vitejs/plugin-vue/-/plugin-vue-2.3.1.tgz#5f286b8d3515381c6d5c8fa8eee5e6335f727e14"
  integrity sha512-YNzBt8+jt6bSwpt7LP890U1UcTOIZZxfpE5WOJ638PNxSEKOqAi0+FSKS0nVeukfdZ0Ai/H7AFd6k3hayfGZqQ==

"@vue/compiler-core@3.2.33":
  version "3.2.33"
  resolved "https://registry.yarnpkg.com/@vue/compiler-core/-/compiler-core-3.2.33.tgz#e915d59cce85898f5c5cfebe4c09e539278c3d59"
  integrity sha512-AAmr52ji3Zhk7IKIuigX2osWWsb2nQE5xsdFYjdnmtQ4gymmqXbjLvkSE174+fF3A3kstYrTgGkqgOEbsdLDpw==
  dependencies:
    "@babel/parser" "^7.16.4"
    "@vue/shared" "3.2.33"
    estree-walker "^2.0.2"
    source-map "^0.6.1"

"@vue/compiler-dom@3.2.33":
  version "3.2.33"
  resolved "https://registry.yarnpkg.com/@vue/compiler-dom/-/compiler-dom-3.2.33.tgz#6db84296f949f18e5d3e7fd5e80f943dbed7d5ec"
  integrity sha512-GhiG1C8X98Xz9QUX/RlA6/kgPBWJkjq0Rq6//5XTAGSYrTMBgcLpP9+CnlUg1TFxnnCVughAG+KZl28XJqw8uQ==
  dependencies:
    "@vue/compiler-core" "3.2.33"
    "@vue/shared" "3.2.33"

"@vue/compiler-sfc@3.2.33":
  version "3.2.33"
  resolved "https://registry.yarnpkg.com/@vue/compiler-sfc/-/compiler-sfc-3.2.33.tgz#7ce01dc947a8b76c099811dc6ca58494d4dc773d"
  integrity sha512-H8D0WqagCr295pQjUYyO8P3IejM3vEzeCO1apzByAEaAR/WimhMYczHfZVvlCE/9yBaEu/eu9RdiWr0kF8b71Q==
  dependencies:
    "@babel/parser" "^7.16.4"
    "@vue/compiler-core" "3.2.33"
    "@vue/compiler-dom" "3.2.33"
    "@vue/compiler-ssr" "3.2.33"
    "@vue/reactivity-transform" "3.2.33"
    "@vue/shared" "3.2.33"
    estree-walker "^2.0.2"
    magic-string "^0.25.7"
    postcss "^8.1.10"
    source-map "^0.6.1"

"@vue/compiler-ssr@3.2.33":
  version "3.2.33"
  resolved "https://registry.yarnpkg.com/@vue/compiler-ssr/-/compiler-ssr-3.2.33.tgz#3e820267e4eea48fde9519f006dedca3f5e42e71"
  integrity sha512-XQh1Xdk3VquDpXsnoCd7JnMoWec9CfAzQDQsaMcSU79OrrO2PNR0ErlIjm/mGq3GmBfkQjzZACV+7GhfRB8xMQ==
  dependencies:
    "@vue/compiler-dom" "3.2.33"
    "@vue/shared" "3.2.33"

"@vue/reactivity-transform@3.2.33":
  version "3.2.33"
  resolved "https://registry.yarnpkg.com/@vue/reactivity-transform/-/reactivity-transform-3.2.33.tgz#286063f44ca56150ae9b52f8346a26e5913fa699"
  integrity sha512-4UL5KOIvSQb254aqenW4q34qMXbfZcmEsV/yVidLUgvwYQQ/D21bGX3DlgPUGI3c4C+iOnNmDCkIxkILoX/Pyw==
  dependencies:
    "@babel/parser" "^7.16.4"
    "@vue/compiler-core" "3.2.33"
    "@vue/shared" "3.2.33"
    estree-walker "^2.0.2"
    magic-string "^0.25.7"

"@vue/reactivity@3.2.33":
  version "3.2.33"
  resolved "https://registry.yarnpkg.com/@vue/reactivity/-/reactivity-3.2.33.tgz#c84eedb5225138dbfc2472864c151d3efbb4b673"
  integrity sha512-62Sq0mp9/0bLmDuxuLD5CIaMG2susFAGARLuZ/5jkU1FCf9EDbwUuF+BO8Ub3Rbodx0ziIecM/NsmyjardBxfQ==
  dependencies:
    "@vue/shared" "3.2.33"

"@vue/runtime-core@3.2.33":
  version "3.2.33"
  resolved "https://registry.yarnpkg.com/@vue/runtime-core/-/runtime-core-3.2.33.tgz#2df8907c85c37c3419fbd1bdf1a2df097fa40df2"
  integrity sha512-N2D2vfaXsBPhzCV3JsXQa2NECjxP3eXgZlFqKh4tgakp3iX6LCGv76DLlc+IfFZq+TW10Y8QUfeihXOupJ1dGw==
  dependencies:
    "@vue/reactivity" "3.2.33"
    "@vue/shared" "3.2.33"

"@vue/runtime-dom@3.2.33":
  version "3.2.33"
  resolved "https://registry.yarnpkg.com/@vue/runtime-dom/-/runtime-dom-3.2.33.tgz#123b8969247029ea0d9c1983676d4706a962d848"
  integrity sha512-LSrJ6W7CZTSUygX5s8aFkraDWlO6K4geOwA3quFF2O+hC3QuAMZt/0Xb7JKE3C4JD4pFwCSO7oCrZmZ0BIJUnw==
  dependencies:
    "@vue/runtime-core" "3.2.33"
    "@vue/shared" "3.2.33"
    csstype "^2.6.8"

"@vue/server-renderer@3.2.33":
  version "3.2.33"
  resolved "https://registry.yarnpkg.com/@vue/server-renderer/-/server-renderer-3.2.33.tgz#4b45d6d2ae10ea4e3d2cf8e676804cf60f331979"
  integrity sha512-4jpJHRD4ORv8PlbYi+/MfP8ec1okz6rybe36MdpkDrGIdEItHEUyaHSKvz+ptNEyQpALmmVfRteHkU9F8vxOew==
  dependencies:
    "@vue/compiler-ssr" "3.2.33"
    "@vue/shared" "3.2.33"

"@vue/shared@3.2.33":
  version "3.2.33"
  resolved "https://registry.yarnpkg.com/@vue/shared/-/shared-3.2.33.tgz#69a8c99ceb37c1b031d5cc4aec2ff1dc77e1161e"
  integrity sha512-UBc1Pg1T3yZ97vsA2ueER0F6GbJebLHYlEi4ou1H5YL4KWvMOOWwpYo9/QpWq93wxKG6Wo13IY74Hcn/f7c7Bg==

"@vuepress/plugin-back-to-top@^1.9.7":
  version "1.9.7"
  resolved "https://registry.yarnpkg.com/@vuepress/plugin-back-to-top/-/plugin-back-to-top-1.9.7.tgz#249a76d79f1e0c8c71a2804485ad0245837e6bfd"
  integrity sha512-DM1S+Q8Xn/i+zhe4zThekxb1M2abfKLklg/NKtQloklHKdNdVfk+EcxWYNmNfSii+ymDWaaG8lmH0xjVhy0iXw==
  dependencies:
    "@vuepress/types" "1.9.7"
    lodash.debounce "^4.0.8"

"@vuepress/types@1.9.7":
  version "1.9.7"
  resolved "https://registry.yarnpkg.com/@vuepress/types/-/types-1.9.7.tgz#aeb772fd0f7c2a10c6ec1d3c803a2e4b1d756c24"
  integrity sha512-moLQzkX3ED2o18dimLemUm7UVDKxhcrJmGt5C0Ng3xxrLPaQu7UqbROtEKB3YnMRt4P/CA91J+Ck+b9LmGabog==
  dependencies:
    "@types/markdown-it" "^10.0.0"
    "@types/webpack-dev-server" "^3"
    webpack-chain "^6.0.0"

algoliasearch@^4.0.0:
  version "4.13.0"
  resolved "https://registry.yarnpkg.com/algoliasearch/-/algoliasearch-4.13.0.tgz#e36611fda82b1fc548c156ae7929a7f486e4b663"
  integrity sha512-oHv4faI1Vl2s+YC0YquwkK/TsaJs79g2JFg5FDm2rKN12VItPTAeQ7hyJMHarOPPYuCnNC5kixbtcqvb21wchw==
  dependencies:
    "@algolia/cache-browser-local-storage" "4.13.0"
    "@algolia/cache-common" "4.13.0"
    "@algolia/cache-in-memory" "4.13.0"
    "@algolia/client-account" "4.13.0"
    "@algolia/client-analytics" "4.13.0"
    "@algolia/client-common" "4.13.0"
    "@algolia/client-personalization" "4.13.0"
    "@algolia/client-search" "4.13.0"
    "@algolia/logger-common" "4.13.0"
    "@algolia/logger-console" "4.13.0"
    "@algolia/requester-browser-xhr" "4.13.0"
    "@algolia/requester-common" "4.13.0"
    "@algolia/requester-node-http" "4.13.0"
    "@algolia/transporter" "4.13.0"

anymatch@^3.0.0:
  version "3.1.2"
  resolved "https://registry.yarnpkg.com/anymatch/-/anymatch-3.1.2.tgz#c0557c096af32f106198f4f4e2a383537e378716"
  integrity sha512-P43ePfOAIupkguHUycrc4qJ9kz8ZiuOUijaETwX7THt0Y/GNK7v0aa8rY816xWjZ7rJdA5XdMcpVFTKMq+RvWg==
  dependencies:
    normalize-path "^3.0.0"
    picomatch "^2.0.4"

braces@^3.0.2:
  version "3.0.2"
  resolved "https://registry.yarnpkg.com/braces/-/braces-3.0.2.tgz#3454e1a462ee8d599e236df336cd9ea4f8afe107"
  integrity sha512-b8um+L1RzM3WDSzvhm6gIz1yfTbBt6YTlcEKAvsmqCZZFw46z626lVj9j1yEPW33H5H+lBQpZMP1k8l+78Ha0A==
  dependencies:
    fill-range "^7.0.1"

csstype@^2.6.8:
  version "2.6.20"
  resolved "https://registry.yarnpkg.com/csstype/-/csstype-2.6.20.tgz#9229c65ea0b260cf4d3d997cb06288e36a8d6dda"
  integrity sha512-/WwNkdXfckNgw6S5R125rrW8ez139lBHWouiBvX8dfMFtcn6V81REDqnH7+CRpRipfYlyU1CmOnOxrmGcFOjeA==

deepmerge@^1.5.2:
  version "1.5.2"
  resolved "https://registry.yarnpkg.com/deepmerge/-/deepmerge-1.5.2.tgz#10499d868844cdad4fee0842df8c7f6f0c95a753"
  integrity sha512-95k0GDqvBjZavkuvzx/YqVLv/6YYa17fz6ILMSf7neqQITCPbnfEnQvEgMPNjH4kgobe7+WIL0yJEHku+H3qtQ==

esbuild-android-64@0.14.38:
  version "0.14.38"
  resolved "https://registry.yarnpkg.com/esbuild-android-64/-/esbuild-android-64-0.14.38.tgz#5b94a1306df31d55055f64a62ff6b763a47b7f64"
  integrity sha512-aRFxR3scRKkbmNuGAK+Gee3+yFxkTJO/cx83Dkyzo4CnQl/2zVSurtG6+G86EQIZ+w+VYngVyK7P3HyTBKu3nw==

esbuild-android-arm64@0.14.38:
  version "0.14.38"
  resolved "https://registry.yarnpkg.com/esbuild-android-arm64/-/esbuild-android-arm64-0.14.38.tgz#78acc80773d16007de5219ccce544c036abd50b8"
  integrity sha512-L2NgQRWuHFI89IIZIlpAcINy9FvBk6xFVZ7xGdOwIm8VyhX1vNCEqUJO3DPSSy945Gzdg98cxtNt8Grv1CsyhA==

esbuild-darwin-64@0.14.38:
  version "0.14.38"
  resolved "https://registry.yarnpkg.com/esbuild-darwin-64/-/esbuild-darwin-64-0.14.38.tgz#e02b1291f629ebdc2aa46fabfacc9aa28ff6aa46"
  integrity sha512-5JJvgXkX87Pd1Og0u/NJuO7TSqAikAcQQ74gyJ87bqWRVeouky84ICoV4sN6VV53aTW+NE87qLdGY4QA2S7KNA==

esbuild-darwin-arm64@0.14.38:
  version "0.14.38"
  resolved "https://registry.yarnpkg.com/esbuild-darwin-arm64/-/esbuild-darwin-arm64-0.14.38.tgz#01eb6650ec010b18c990e443a6abcca1d71290a9"
  integrity sha512-eqF+OejMI3mC5Dlo9Kdq/Ilbki9sQBw3QlHW3wjLmsLh+quNfHmGMp3Ly1eWm981iGBMdbtSS9+LRvR2T8B3eQ==

esbuild-freebsd-64@0.14.38:
  version "0.14.38"
  resolved "https://registry.yarnpkg.com/esbuild-freebsd-64/-/esbuild-freebsd-64-0.14.38.tgz#790b8786729d4aac7be17648f9ea8e0e16475b5e"
  integrity sha512-epnPbhZUt93xV5cgeY36ZxPXDsQeO55DppzsIgWM8vgiG/Rz+qYDLmh5ts3e+Ln1wA9dQ+nZmVHw+RjaW3I5Ig==

esbuild-freebsd-arm64@0.14.38:
  version "0.14.38"
  resolved "https://registry.yarnpkg.com/esbuild-freebsd-arm64/-/esbuild-freebsd-arm64-0.14.38.tgz#b66340ab28c09c1098e6d9d8ff656db47d7211e6"
  integrity sha512-/9icXUYJWherhk+y5fjPI5yNUdFPtXHQlwP7/K/zg8t8lQdHVj20SqU9/udQmeUo5pDFHMYzcEFfJqgOVeKNNQ==

esbuild-linux-32@0.14.38:
  version "0.14.38"
  resolved "https://registry.yarnpkg.com/esbuild-linux-32/-/esbuild-linux-32-0.14.38.tgz#7927f950986fd39f0ff319e92839455912b67f70"
  integrity sha512-QfgfeNHRFvr2XeHFzP8kOZVnal3QvST3A0cgq32ZrHjSMFTdgXhMhmWdKzRXP/PKcfv3e2OW9tT9PpcjNvaq6g==

esbuild-linux-64@0.14.38:
  version "0.14.38"
  resolved "https://registry.yarnpkg.com/esbuild-linux-64/-/esbuild-linux-64-0.14.38.tgz#4893d07b229d9cfe34a2b3ce586399e73c3ac519"
  integrity sha512-uuZHNmqcs+Bj1qiW9k/HZU3FtIHmYiuxZ/6Aa+/KHb/pFKr7R3aVqvxlAudYI9Fw3St0VCPfv7QBpUITSmBR1Q==

esbuild-linux-arm64@0.14.38:
  version "0.14.38"
  resolved "https://registry.yarnpkg.com/esbuild-linux-arm64/-/esbuild-linux-arm64-0.14.38.tgz#8442402e37d0b8ae946ac616784d9c1a2041056a"
  integrity sha512-HlMGZTEsBrXrivr64eZ/EO0NQM8H8DuSENRok9d+Jtvq8hOLzrxfsAT9U94K3KOGk2XgCmkaI2KD8hX7F97lvA==

esbuild-linux-arm@0.14.38:
  version "0.14.38"
  resolved "https://registry.yarnpkg.com/esbuild-linux-arm/-/esbuild-linux-arm-0.14.38.tgz#d5dbf32d38b7f79be0ec6b5fb2f9251fd9066986"
  integrity sha512-FiFvQe8J3VKTDXG01JbvoVRXQ0x6UZwyrU4IaLBZeq39Bsbatd94Fuc3F1RGqPF5RbIWW7RvkVQjn79ejzysnA==

esbuild-linux-mips64le@0.14.38:
  version "0.14.38"
  resolved "https://registry.yarnpkg.com/esbuild-linux-mips64le/-/esbuild-linux-mips64le-0.14.38.tgz#95081e42f698bbe35d8ccee0e3a237594b337eb5"
  integrity sha512-qd1dLf2v7QBiI5wwfil9j0HG/5YMFBAmMVmdeokbNAMbcg49p25t6IlJFXAeLzogv1AvgaXRXvgFNhScYEUXGQ==

esbuild-linux-ppc64le@0.14.38:
  version "0.14.38"
  resolved "https://registry.yarnpkg.com/esbuild-linux-ppc64le/-/esbuild-linux-ppc64le-0.14.38.tgz#dceb0a1b186f5df679618882a7990bd422089b47"
  integrity sha512-mnbEm7o69gTl60jSuK+nn+pRsRHGtDPfzhrqEUXyCl7CTOCLtWN2bhK8bgsdp6J/2NyS/wHBjs1x8aBWwP2X9Q==

esbuild-linux-riscv64@0.14.38:
  version "0.14.38"
  resolved "https://registry.yarnpkg.com/esbuild-linux-riscv64/-/esbuild-linux-riscv64-0.14.38.tgz#61fb8edb75f475f9208c4a93ab2bfab63821afd2"
  integrity sha512-+p6YKYbuV72uikChRk14FSyNJZ4WfYkffj6Af0/Tw63/6TJX6TnIKE+6D3xtEc7DeDth1fjUOEqm+ApKFXbbVQ==

esbuild-linux-s390x@0.14.38:
  version "0.14.38"
  resolved "https://registry.yarnpkg.com/esbuild-linux-s390x/-/esbuild-linux-s390x-0.14.38.tgz#34c7126a4937406bf6a5e69100185fd702d12fe0"
  integrity sha512-0zUsiDkGJiMHxBQ7JDU8jbaanUY975CdOW1YDrurjrM0vWHfjv9tLQsW9GSyEb/heSK1L5gaweRjzfUVBFoybQ==

esbuild-netbsd-64@0.14.38:
  version "0.14.38"
  resolved "https://registry.yarnpkg.com/esbuild-netbsd-64/-/esbuild-netbsd-64-0.14.38.tgz#322ea9937d9e529183ee281c7996b93eb38a5d95"
  integrity sha512-cljBAApVwkpnJZfnRVThpRBGzCi+a+V9Ofb1fVkKhtrPLDYlHLrSYGtmnoTVWDQdU516qYI8+wOgcGZ4XIZh0Q==

esbuild-openbsd-64@0.14.38:
  version "0.14.38"
  resolved "https://registry.yarnpkg.com/esbuild-openbsd-64/-/esbuild-openbsd-64-0.14.38.tgz#1ca29bb7a2bf09592dcc26afdb45108f08a2cdbd"
  integrity sha512-CDswYr2PWPGEPpLDUO50mL3WO/07EMjnZDNKpmaxUPsrW+kVM3LoAqr/CE8UbzugpEiflYqJsGPLirThRB18IQ==

esbuild-sunos-64@0.14.38:
  version "0.14.38"
  resolved "https://registry.yarnpkg.com/esbuild-sunos-64/-/esbuild-sunos-64-0.14.38.tgz#c9446f7d8ebf45093e7bb0e7045506a88540019b"
  integrity sha512-2mfIoYW58gKcC3bck0j7lD3RZkqYA7MmujFYmSn9l6TiIcAMpuEvqksO+ntBgbLep/eyjpgdplF7b+4T9VJGOA==

esbuild-windows-32@0.14.38:
  version "0.14.38"
  resolved "https://registry.yarnpkg.com/esbuild-windows-32/-/esbuild-windows-32-0.14.38.tgz#f8e9b4602fd0ccbd48e5c8d117ec0ba4040f2ad1"
  integrity sha512-L2BmEeFZATAvU+FJzJiRLFUP+d9RHN+QXpgaOrs2klshoAm1AE6Us4X6fS9k33Uy5SzScn2TpcgecbqJza1Hjw==

esbuild-windows-64@0.14.38:
  version "0.14.38"
  resolved "https://registry.yarnpkg.com/esbuild-windows-64/-/esbuild-windows-64-0.14.38.tgz#280f58e69f78535f470905ce3e43db1746518107"
  integrity sha512-Khy4wVmebnzue8aeSXLC+6clo/hRYeNIm0DyikoEqX+3w3rcvrhzpoix0S+MF9vzh6JFskkIGD7Zx47ODJNyCw==

esbuild-windows-arm64@0.14.38:
  version "0.14.38"
  resolved "https://registry.yarnpkg.com/esbuild-windows-arm64/-/esbuild-windows-arm64-0.14.38.tgz#d97e9ac0f95a4c236d9173fa9f86c983d6a53f54"
  integrity sha512-k3FGCNmHBkqdJXuJszdWciAH77PukEyDsdIryEHn9cKLQFxzhT39dSumeTuggaQcXY57UlmLGIkklWZo2qzHpw==

esbuild@^0.14.27:
  version "0.14.38"
  resolved "https://registry.yarnpkg.com/esbuild/-/esbuild-0.14.38.tgz#99526b778cd9f35532955e26e1709a16cca2fb30"
  integrity sha512-12fzJ0fsm7gVZX1YQ1InkOE5f9Tl7cgf6JPYXRJtPIoE0zkWAbHdPHVPPaLi9tYAcEBqheGzqLn/3RdTOyBfcA==
  optionalDependencies:
    esbuild-android-64 "0.14.38"
    esbuild-android-arm64 "0.14.38"
    esbuild-darwin-64 "0.14.38"
    esbuild-darwin-arm64 "0.14.38"
    esbuild-freebsd-64 "0.14.38"
    esbuild-freebsd-arm64 "0.14.38"
    esbuild-linux-32 "0.14.38"
    esbuild-linux-64 "0.14.38"
    esbuild-linux-arm "0.14.38"
    esbuild-linux-arm64 "0.14.38"
    esbuild-linux-mips64le "0.14.38"
    esbuild-linux-ppc64le "0.14.38"
    esbuild-linux-riscv64 "0.14.38"
    esbuild-linux-s390x "0.14.38"
    esbuild-netbsd-64 "0.14.38"
    esbuild-openbsd-64 "0.14.38"
    esbuild-sunos-64 "0.14.38"
    esbuild-windows-32 "0.14.38"
    esbuild-windows-64 "0.14.38"
    esbuild-windows-arm64 "0.14.38"

estree-walker@^2.0.2:
  version "2.0.2"
  resolved "https://registry.yarnpkg.com/estree-walker/-/estree-walker-2.0.2.tgz#52f010178c2a4c117a7757cfe942adb7d2da4cac"
  integrity sha512-Rfkk/Mp/DL7JVje3u18FxFujQlTNR2q6QfMSMB7AvCBx91NGj/ba3kCfza0f6dVDbw7YlRf/nDrn7pQrCCyQ/w==

eventemitter3@^4.0.0:
  version "4.0.7"
  resolved "https://registry.yarnpkg.com/eventemitter3/-/eventemitter3-4.0.7.tgz#2de9b68f6528d5644ef5c59526a1b4a07306169f"
  integrity sha512-8guHBZCwKnFhYdHr2ysuRWErTwhoN2X8XELRlrRwpmfeY2jjuUN4taQMsULKUVo1K4DvZl+0pgfyoysHxvmvEw==

fill-range@^7.0.1:
  version "7.0.1"
  resolved "https://registry.yarnpkg.com/fill-range/-/fill-range-7.0.1.tgz#1919a6a7c75fe38b2c7c77e5198535da9acdda40"
  integrity sha512-qOo9F+dMUmC2Lcb4BbVvnKJxTPjCm+RRpe4gDuGrzkL7mEVl/djYSu2OdQ2Pa302N4oqkSg9ir6jaLWJ2USVpQ==
  dependencies:
    to-regex-range "^5.0.1"

follow-redirects@^1.0.0:
  version "1.14.9"
  resolved "https://registry.yarnpkg.com/follow-redirects/-/follow-redirects-1.14.9.tgz#dd4ea157de7bfaf9ea9b3fbd85aa16951f78d8d7"
  integrity sha512-MQDfihBQYMcyy5dhRDJUHcw7lb2Pv/TuE6xP1vyraLukNDHKbDxDNaOE3NbCAdKQApno+GPRyo1YAp89yCjK4w==

fsevents@~2.3.2:
  version "2.3.2"
  resolved "https://registry.yarnpkg.com/fsevents/-/fsevents-2.3.2.tgz#8a526f78b8fdf4623b709e0b975c52c24c02fd1a"
  integrity sha512-xiqMQR4xAeHTuB9uWm+fFRcIOgKBMiOBP+eXiyT7jsgVCq1bkVygt00oASowB7EdtpOHaaPgKt812P9ab+DDKA==

function-bind@^1.1.1:
  version "1.1.1"
  resolved "https://registry.yarnpkg.com/function-bind/-/function-bind-1.1.1.tgz#a56899d3ea3c9bab874bb9773b7c5ede92f4895d"
  integrity sha512-yIovAzMX49sF8Yl58fSCWJ5svSLuaibPxXQJFLmBObTuCr0Mf1KiPopGM9NiFjiYBCbfaa2Fh6breQ6ANVTI0A==

has@^1.0.3:
  version "1.0.3"
  resolved "https://registry.yarnpkg.com/has/-/has-1.0.3.tgz#722d7cbfc1f6aa8241f16dd814e011e1f41e8796"
  integrity sha512-f2dvO0VU6Oej7RkWJGrehjbzMAjFp5/VKPp5tTpWIV4JHHZK1/BxbFRtf/siA2SWTe09caDmVtYYzWEIbBS4zw==
  dependencies:
    function-bind "^1.1.1"

highlight.js@^9.7.0:
  version "9.18.5"
  resolved "https://registry.yarnpkg.com/highlight.js/-/highlight.js-9.18.5.tgz#d18a359867f378c138d6819edfc2a8acd5f29825"
  integrity sha512-a5bFyofd/BHCX52/8i8uJkjr9DYwXIPnM/plwI6W7ezItLGqzt7X2G2nXuYSfsIJdkwwj/g9DG1LkcGJI/dDoA==

http-proxy-middleware@^1.0.0:
  version "1.3.1"
  resolved "https://registry.yarnpkg.com/http-proxy-middleware/-/http-proxy-middleware-1.3.1.tgz#43700d6d9eecb7419bf086a128d0f7205d9eb665"
  integrity sha512-13eVVDYS4z79w7f1+NPllJtOQFx/FdUW4btIvVRMaRlUY9VGstAbo5MOhLEuUgZFRHn3x50ufn25zkj/boZnEg==
  dependencies:
    "@types/http-proxy" "^1.17.5"
    http-proxy "^1.18.1"
    is-glob "^4.0.1"
    is-plain-obj "^3.0.0"
    micromatch "^4.0.2"

http-proxy@^1.18.1:
  version "1.18.1"
  resolved "https://registry.yarnpkg.com/http-proxy/-/http-proxy-1.18.1.tgz#401541f0534884bbf95260334e72f88ee3976549"
  integrity sha512-7mz/721AbnJwIVbnaSv1Cz3Am0ZLT/UBwkC92VlxhXv/k/BBQfM2fXElQNC27BVGr0uwUpplYPQM9LnaBMR5NQ==
  dependencies:
    eventemitter3 "^4.0.0"
    follow-redirects "^1.0.0"
    requires-port "^1.0.0"

is-core-module@^2.8.1:
  version "2.9.0"
  resolved "https://registry.yarnpkg.com/is-core-module/-/is-core-module-2.9.0.tgz#e1c34429cd51c6dd9e09e0799e396e27b19a9c69"
  integrity sha512-+5FPy5PnwmO3lvfMb0AsoPaBG+5KHUI0wYFXOtYPnVVVspTFUuMZNfNaNVRt3FZadstu2c8x23vykRW/NBoU6A==
  dependencies:
    has "^1.0.3"

is-extglob@^2.1.1:
  version "2.1.1"
  resolved "https://registry.yarnpkg.com/is-extglob/-/is-extglob-2.1.1.tgz#a88c02535791f02ed37c76a1b9ea9773c833f8c2"
  integrity sha1-qIwCU1eR8C7TfHahueqXc8gz+MI=

is-glob@^4.0.1:
  version "4.0.3"
  resolved "https://registry.yarnpkg.com/is-glob/-/is-glob-4.0.3.tgz#64f61e42cbbb2eec2071a9dac0b28ba1e65d5084"
  integrity sha512-xelSayHH36ZgE7ZWhli7pW34hNbNl8Ojv5KVmkJD4hBdD3th8Tfk9vYasLM+mXWOZhFkgZfxhLSnrwRr4elSSg==
  dependencies:
    is-extglob "^2.1.1"

is-number@^7.0.0:
  version "7.0.0"
  resolved "https://registry.yarnpkg.com/is-number/-/is-number-7.0.0.tgz#7535345b896734d5f80c4d06c50955527a14f12b"
  integrity sha512-41Cifkg6e8TylSpdtTpeLVMqvSBEVzTttHvERD741+pnZ8ANv0004MRL43QKPDlK9cGvNp6NZWZUBlbGXYxxng==

is-plain-obj@^3.0.0:
  version "3.0.0"
  resolved "https://registry.yarnpkg.com/is-plain-obj/-/is-plain-obj-3.0.0.tgz#af6f2ea14ac5a646183a5bbdb5baabbc156ad9d7"
  integrity sha512-gwsOE28k+23GP1B6vFl1oVh/WOzmawBrKwo5Ev6wMKzPkaXaCDIQKzLnvsA42DRlbVTWorkgTKIviAKCWkfUwA==

javascript-stringify@^2.0.1:
  version "2.1.0"
  resolved "https://registry.yarnpkg.com/javascript-stringify/-/javascript-stringify-2.1.0.tgz#27c76539be14d8bd128219a2d731b09337904e79"
  integrity sha512-JVAfqNPTvNq3sB/VHQJAFxN/sPgKnsKrCwyRt15zwNCdrMMJDdcEOdubuy+DuJYYdm0ox1J4uzEuYKkN+9yhVg==

lodash.debounce@^4.0.8:
  version "4.0.8"
  resolved "https://registry.yarnpkg.com/lodash.debounce/-/lodash.debounce-4.0.8.tgz#82d79bff30a67c4005ffd5e2515300ad9ca4d7af"
  integrity sha1-gteb/zCmfEAF/9XiUVMArZyk168=

magic-string@^0.25.7:
  version "0.25.9"
  resolved "https://registry.yarnpkg.com/magic-string/-/magic-string-0.25.9.tgz#de7f9faf91ef8a1c91d02c2e5314c8277dbcdd1c"
  integrity sha512-RmF0AsMzgt25qzqqLc1+MbHmhdx0ojF2Fvs4XnOqz2ZOBXzzkEwc/dJQZCYHAn7v1jbVOjAZfK8msRn4BxO4VQ==
  dependencies:
    sourcemap-codec "^1.4.8"

micromatch@^4.0.2:
  version "4.0.5"
  resolved "https://registry.yarnpkg.com/micromatch/-/micromatch-4.0.5.tgz#bc8999a7cbbf77cdc89f132f6e467051b49090c6"
  integrity sha512-DMy+ERcEW2q8Z2Po+WNXuw3c5YaUSFjAO5GsJqfEl7UjvtIuFKO6ZrKvcItdy98dwFI2N1tg3zNIdKaQT+aNdA==
  dependencies:
    braces "^3.0.2"
    picomatch "^2.3.1"

nanoid@^3.3.1:
  version "3.3.3"
  resolved "https://registry.yarnpkg.com/nanoid/-/nanoid-3.3.3.tgz#fd8e8b7aa761fe807dba2d1b98fb7241bb724a25"
  integrity sha512-p1sjXuopFs0xg+fPASzQ28agW1oHD7xDsd9Xkf3T15H3c/cifrFHVwrh74PdoklAPi+i7MdRsE47vm2r6JoB+w==

normalize-path@^3.0.0:
  version "3.0.0"
  resolved "https://registry.yarnpkg.com/normalize-path/-/normalize-path-3.0.0.tgz#0dcd69ff23a1c9b11fd0978316644a0388216a65"
  integrity sha512-6eZs5Ls3WtCisHWp9S2GUy8dqkpGi4BVSz3GaqiE6ezub0512ESztXUwUB6C6IKbQkY2Pnb/mD4WYojCRwcwLA==

path-parse@^1.0.7:
  version "1.0.7"
  resolved "https://registry.yarnpkg.com/path-parse/-/path-parse-1.0.7.tgz#fbc114b60ca42b30d9daf5858e4bd68bbedb6735"
  integrity sha512-LDJzPVEEEPR+y48z93A0Ed0yXb8pAByGWo/k5YYdYgpY2/2EsOsksJrq7lOHxryrVOn1ejG6oAp8ahvOIQD8sw==

picocolors@^1.0.0:
  version "1.0.0"
  resolved "https://registry.yarnpkg.com/picocolors/-/picocolors-1.0.0.tgz#cb5bdc74ff3f51892236eaf79d68bc44564ab81c"
  integrity sha512-1fygroTLlHu66zi26VoTDv8yRgm0Fccecssto+MhsZ0D/DGW2sm8E8AjW7NU5VVTRt5GxbeZ5qBuJr+HyLYkjQ==

picomatch@^2.0.4, picomatch@^2.3.1:
  version "2.3.1"
  resolved "https://registry.yarnpkg.com/picomatch/-/picomatch-2.3.1.tgz#3ba3833733646d9d3e4995946c1365a67fb07a42"
  integrity sha512-JU3teHTNjmE2VCGFzuY8EXzCDVwEqB2a8fsIvwaStHhAWJEeVd1o1QD80CU6+ZdEXXSLbSsuLwJjkCBWqRQUVA==

postcss@^8.1.10, postcss@^8.4.12:
  version "8.4.12"
  resolved "https://registry.yarnpkg.com/postcss/-/postcss-8.4.12.tgz#1e7de78733b28970fa4743f7da6f3763648b1905"
  integrity sha512-lg6eITwYe9v6Hr5CncVbK70SoioNQIq81nsaG86ev5hAidQvmOeETBqs7jm43K2F5/Ley3ytDtriImV6TpNiSg==
  dependencies:
    nanoid "^3.3.1"
    picocolors "^1.0.0"
    source-map-js "^1.0.2"

preact@^10.0.0:
  version "10.7.1"
  resolved "https://registry.yarnpkg.com/preact/-/preact-10.7.1.tgz#bdd2b2dce91a5842c3b9b34dfe050e5401068c9e"
  integrity sha512-MufnRFz39aIhs9AMFisonjzTud1PK1bY+jcJLo6m2T9Uh8AqjD77w11eAAawmjUogoGOnipECq7e/1RClIKsxg==

prismjs@^1.25.0:
  version "1.28.0"
  resolved "https://registry.yarnpkg.com/prismjs/-/prismjs-1.28.0.tgz#0d8f561fa0f7cf6ebca901747828b149147044b6"
  integrity sha512-8aaXdYvl1F7iC7Xm1spqSaY/OJBpYW3v+KJ+F17iYxvdc8sfjW194COK5wVhMZX45tGteiBQgdvD/nhxcRwylw==

requires-port@^1.0.0:
  version "1.0.0"
  resolved "https://registry.yarnpkg.com/requires-port/-/requires-port-1.0.0.tgz#925d2601d39ac485e091cf0da5c6e694dc3dcaff"
  integrity sha1-kl0mAdOaxIXgkc8NpcbmlNw9yv8=

resolve@^1.22.0:
  version "1.22.0"
  resolved "https://registry.yarnpkg.com/resolve/-/resolve-1.22.0.tgz#5e0b8c67c15df57a89bdbabe603a002f21731198"
  integrity sha512-Hhtrw0nLeSrFQ7phPp4OOcVjLPIeMnRlr5mcnVuMe7M/7eBn98A3hmFRLoFo3DLZkivSYwhRUJTyPyWAk56WLw==
  dependencies:
    is-core-module "^2.8.1"
    path-parse "^1.0.7"
    supports-preserve-symlinks-flag "^1.0.0"

rollup@^2.59.0:
  version "2.70.2"
  resolved "https://registry.yarnpkg.com/rollup/-/rollup-2.70.2.tgz#808d206a8851628a065097b7ba2053bd83ba0c0d"
  integrity sha512-EitogNZnfku65I1DD5Mxe8JYRUCy0hkK5X84IlDtUs+O6JRMpRciXTzyCUuX11b5L5pvjH+OmFXiQ3XjabcXgg==
  optionalDependencies:
    fsevents "~2.3.2"

source-map-js@^1.0.2:
  version "1.0.2"
  resolved "https://registry.yarnpkg.com/source-map-js/-/source-map-js-1.0.2.tgz#adbc361d9c62df380125e7f161f71c826f1e490c"
  integrity sha512-R0XvVJ9WusLiqTCEiGCmICCMplcCkIwwR11mOSD9CR5u+IXYdiseeEuXCVAjS54zqwkLcPNnmU4OeJ6tUrWhDw==

source-map@^0.6.0, source-map@^0.6.1:
  version "0.6.1"
  resolved "https://registry.yarnpkg.com/source-map/-/source-map-0.6.1.tgz#74722af32e9614e9c287a8d0bbde48b5e2f1a263"
  integrity sha512-UjgapumWlbMhkBgzT7Ykc5YXUT46F0iKu8SGXq0bcwP5dz/h0Plj6enJqjz1Zbq2l5WaqYnrVbwWOWMyF3F47g==

source-map@^0.7.3:
  version "0.7.3"
  resolved "https://registry.yarnpkg.com/source-map/-/source-map-0.7.3.tgz#5302f8169031735226544092e64981f751750383"
  integrity sha512-CkCj6giN3S+n9qrYiBTX5gystlENnRW5jZeNLHpe6aue+SrHcG5VYwujhW9s4dY31mEGsxBDrHR6oI69fTXsaQ==

sourcemap-codec@^1.4.8:
  version "1.4.8"
  resolved "https://registry.yarnpkg.com/sourcemap-codec/-/sourcemap-codec-1.4.8.tgz#ea804bd94857402e6992d05a38ef1ae35a9ab4c4"
  integrity sha512-9NykojV5Uih4lgo5So5dtw+f0JgJX30KCNI8gwhz2J9A15wD0Ml6tjHKwf6fTSa6fAdVBdZeNOs9eJ71qCk8vA==

supports-preserve-symlinks-flag@^1.0.0:
  version "1.0.0"
  resolved "https://registry.yarnpkg.com/supports-preserve-symlinks-flag/-/supports-preserve-symlinks-flag-1.0.0.tgz#6eda4bd344a3c94aea376d4cc31bc77311039e09"
  integrity sha512-ot0WnXS9fgdkgIcePe6RHNk1WA8+muPa6cSjeR3V8K27q9BB1rTE3R1p7Hv0z1ZyAc8s6Vvv8DIyWf681MAt0w==

to-regex-range@^5.0.1:
  version "5.0.1"
  resolved "https://registry.yarnpkg.com/to-regex-range/-/to-regex-range-5.0.1.tgz#1648c44aae7c8d988a326018ed72f5b4dd0392e4"
  integrity sha512-65P7iz6X5yEr1cwcgvQxbbIw7Uk3gOy5dIdtZ4rDveLqhrdJP+Li/Hx6tyK0NEb+2GCyneCMJiGqrADCSNk8sQ==
  dependencies:
    is-number "^7.0.0"

vite@^2.8.1:
  version "2.9.5"
  resolved "https://registry.yarnpkg.com/vite/-/vite-2.9.5.tgz#08ef37ac7a6d879c96f328b791732c9a00ea25ea"
  integrity sha512-dvMN64X2YEQgSXF1lYabKXw3BbN6e+BL67+P3Vy4MacnY+UzT1AfkHiioFSi9+uiDUiaDy7Ax/LQqivk6orilg==
  dependencies:
    esbuild "^0.14.27"
    postcss "^8.4.12"
    resolve "^1.22.0"
    rollup "^2.59.0"
  optionalDependencies:
    fsevents "~2.3.2"

vitepress@^0.22.3:
  version "0.22.3"
  resolved "https://registry.yarnpkg.com/vitepress/-/vitepress-0.22.3.tgz#5d29741497fa4dd4d08e65d529310cf92897b52f"
  integrity sha512-Yfvu/rent2vp/TXIDZMutS6ft2TJPn4xngS48PYFWDEbuFI2ccUAXM481lF1qVVnCKxfh4g8e/KPvevSJdg1Bw==
  dependencies:
    "@docsearch/css" "^3.0.0-alpha.41"
    "@docsearch/js" "^3.0.0-alpha.41"
    "@vitejs/plugin-vue" "^2.2.0"
    prismjs "^1.25.0"
    vite "^2.8.1"
    vue "^3.2.31"

vue@^3.2.31:
  version "3.2.33"
  resolved "https://registry.yarnpkg.com/vue/-/vue-3.2.33.tgz#7867eb16a3293a28c4d190a837bc447878bd64c2"
  integrity sha512-si1ExAlDUrLSIg/V7D/GgA4twJwfsfgG+t9w10z38HhL/HA07132pUQ2KuwAo8qbCyMJ9e6OqrmWrOCr+jW7ZQ==
  dependencies:
    "@vue/compiler-dom" "3.2.33"
    "@vue/compiler-sfc" "3.2.33"
    "@vue/runtime-dom" "3.2.33"
    "@vue/server-renderer" "3.2.33"
    "@vue/shared" "3.2.33"

webpack-chain@^6.0.0:
  version "6.5.1"
  resolved "https://registry.yarnpkg.com/webpack-chain/-/webpack-chain-6.5.1.tgz#4f27284cbbb637e3c8fbdef43eef588d4d861206"
  integrity sha512-7doO/SRtLu8q5WM0s7vPKPWX580qhi0/yBHkOxNkv50f6qB76Zy9o2wRTrrPULqYTvQlVHuvbA8v+G5ayuUDsA==
  dependencies:
    deepmerge "^1.5.2"
    javascript-stringify "^2.0.1"
